
Microsoft Visual Studio Solution File, Format Version 12.00
# Visual Studio Version 16
VisualStudioVersion = 16.0.29509.3
MinimumVisualStudioVersion = 10.0.40219.1
Project("{FAE04EC0-301F-11D3-BF4B-00C04F79EFBC}") = "FrameworkConsole", "samples\FrameworkConsole\FrameworkConsole.csproj", "{822DF704-4D93-44F4-A3E4-68B9CFA898F4}"
EndProject
Project("{9A19103F-16F7-4668-BE54-9A1E7A4F7556}") = "CoreConsole", "samples\CoreConsole\CoreConsole.csproj", "{FCB3A932-47A1-4686-90BA-E32DFAE8E289}"
EndProject
Project("{9A19103F-16F7-4668-BE54-9A1E7A4F7556}") = "LiteStringBuilder", "src\LiteStringBuilder\LiteStringBuilder.csproj", "{2B15F293-1711-402B-83CE-F5F15BFE44C4}"
EndProject
Global
	GlobalSection(SolutionConfigurationPlatforms) = preSolution
		Debug|Any CPU = Debug|Any CPU
		Release|Any CPU = Release|Any CPU
	EndGlobalSection
	GlobalSection(ProjectConfigurationPlatforms) = postSolution
		{822DF704-4D93-44F4-A3E4-68B9CFA898F4}.Debug|Any CPU.ActiveCfg = Debug|Any CPU
		{822DF704-4D93-44F4-A3E4-68B9CFA898F4}.Debug|Any CPU.Build.0 = Debug|Any CPU
		{822DF704-4D93-44F4-A3E4-68B9CFA898F4}.Release|Any CPU.ActiveCfg = Release|Any CPU
		{822DF704-4D93-44F4-A3E4-68B9CFA898F4}.Release|Any CPU.Build.0 = Release|Any CPU
		{FCB3A932-47A1-4686-90BA-E32DFAE8E289}.Debug|Any CPU.ActiveCfg = Debug|Any CPU
		{FCB3A932-47A1-4686-90BA-E32DFAE8E289}.Debug|Any CPU.Build.0 = Debug|Any CPU
		{FCB3A932-47A1-4686-90BA-E32DFAE8E289}.Release|Any CPU.ActiveCfg = Release|Any CPU
		{FCB3A932-47A1-4686-90BA-E32DFAE8E289}.Release|Any CPU.Build.0 = Release|Any CPU
		{2B15F293-1711-402B-83CE-F5F15BFE44C4}.Debug|Any CPU.ActiveCfg = Debug|Any CPU
		{2B15F293-1711-402B-83CE-F5F15BFE44C4}.Debug|Any CPU.Build.0 = Debug|Any CPU
		{2B15F293-1711-402B-83CE-F5F15BFE44C4}.Release|Any CPU.ActiveCfg = Release|Any CPU
		{2B15F293-1711-402B-83CE-F5F15BFE44C4}.Release|Any CPU.Build.0 = Release|Any CPU
	EndGlobalSection
	GlobalSection(SolutionProperties) = preSolution
		HideSolutionNode = FALSE
	EndGlobalSection
	GlobalSection(ExtensibilityGlobals) = postSolution
		SolutionGuid = {C4FA3995-4B7D-4A45-B0F8-CD39C0BEE804}
	EndGlobalSection
EndGlobal
